
Microsoft Visual Studio Solution File, Format Version 12.00
# Visual Studio 14
VisualStudioVersion = 14.0.23107.0
MinimumVisualStudioVersion = 10.0.40219.1
Project("{FAE04EC0-301F-11D3-BF4B-00C04F79EFBC}") = "MyControlsSDK", "MyControlsSDK\MyControlsSDK.csproj", "{170B235D-897F-4E22-B3A2-B3C2178FC747}"
EndProject
Project("{FAE04EC0-301F-11D3-BF4B-00C04F79EFBC}") = "TestApp.ProjectReference", "TestApp.ProjectReference\TestApp.ProjectReference.csproj", "{860C05DD-83AD-47AF-A313-82388F00083A}"
EndProject
Project("{FAE04EC0-301F-11D3-BF4B-00C04F79EFBC}") = "MyControlsSDK.VSIX", "VSIX\MyControlsSDK.VSIX.csproj", "{47BE7B29-A3D7-44FF-903B-97B5D408FAB8}"
EndProject
Project("{8BC9CEB8-8B4A-11D0-8D11-00A0C91BC942}") = "MyControlsNative", "MyControlsNative\MyControlsNative.vcxproj", "{22BA7E06-4211-49F0-BC99-99CB48438571}"
EndProject
Project("{FAE04EC0-301F-11D3-BF4B-00C04F79EFBC}") = "TestApp.SDKReference", "TestApp.SDKReference\TestApp.SDKReference.csproj", "{2ABE0BFB-155E-4BAB-B132-D82E6D7C1C53}"
EndProject
Project("{2150E333-8FDC-42A3-9474-1A3956D46DE8}") = "SDK", "SDK", "{BE875B4B-7E1F-4477-AB08-AFE204A5D5EB}"
EndProject
Project("{2150E333-8FDC-42A3-9474-1A3956D46DE8}") = "Design", "Design", "{F204502E-047A-4FA9-8D86-35BF7A92571F}"
EndProject
Project("{FAE04EC0-301F-11D3-BF4B-00C04F79EFBC}") = "MyControlsSDK.Design", "MyControlsSDK.Design\MyControlsSDK.Design.csproj", "{22455DDF-5C2A-4044-9DA8-0D0406A9F881}"
EndProject
Project("{2150E333-8FDC-42A3-9474-1A3956D46DE8}") = "TestApps", "TestApps", "{B7BCB996-34FF-448B-BD01-46D2C3125D96}"
EndProject
Project("{2150E333-8FDC-42A3-9474-1A3956D46DE8}") = "Setup", "Setup", "{F5A854B7-C3D2-4276-AA43-6D121D187AAF}"
EndProject
Global
	GlobalSection(SolutionConfigurationPlatforms) = preSolution
		Debug|ARM = Debug|ARM
		Debug|x64 = Debug|x64
		Debug|x86 = Debug|x86
		Release|ARM = Release|ARM
		Release|x64 = Release|x64
		Release|x86 = Release|x86
	EndGlobalSection
	GlobalSection(ProjectConfigurationPlatforms) = postSolution
		{170B235D-897F-4E22-B3A2-B3C2178FC747}.Debug|ARM.ActiveCfg = Debug|ARM
		{170B235D-897F-4E22-B3A2-B3C2178FC747}.Debug|ARM.Build.0 = Debug|ARM
		{170B235D-897F-4E22-B3A2-B3C2178FC747}.Debug|x64.ActiveCfg = Debug|x64
		{170B235D-897F-4E22-B3A2-B3C2178FC747}.Debug|x64.Build.0 = Debug|x64
		{170B235D-897F-4E22-B3A2-B3C2178FC747}.Debug|x86.ActiveCfg = Debug|x86
		{170B235D-897F-4E22-B3A2-B3C2178FC747}.Debug|x86.Build.0 = Debug|x86
		{170B235D-897F-4E22-B3A2-B3C2178FC747}.Release|ARM.ActiveCfg = Release|ARM
		{170B235D-897F-4E22-B3A2-B3C2178FC747}.Release|ARM.Build.0 = Release|ARM
		{170B235D-897F-4E22-B3A2-B3C2178FC747}.Release|x64.ActiveCfg = Release|x64
		{170B235D-897F-4E22-B3A2-B3C2178FC747}.Release|x64.Build.0 = Release|x64
		{170B235D-897F-4E22-B3A2-B3C2178FC747}.Release|x86.ActiveCfg = Release|x86
		{170B235D-897F-4E22-B3A2-B3C2178FC747}.Release|x86.Build.0 = Release|x86
		{860C05DD-83AD-47AF-A313-82388F00083A}.Debug|ARM.ActiveCfg = Debug|ARM
		{860C05DD-83AD-47AF-A313-82388F00083A}.Debug|ARM.Build.0 = Debug|ARM
		{860C05DD-83AD-47AF-A313-82388F00083A}.Debug|ARM.Deploy.0 = Debug|ARM
		{860C05DD-83AD-47AF-A313-82388F00083A}.Debug|x64.ActiveCfg = Debug|x64
		{860C05DD-83AD-47AF-A313-82388F00083A}.Debug|x64.Build.0 = Debug|x64
		{860C05DD-83AD-47AF-A313-82388F00083A}.Debug|x64.Deploy.0 = Debug|x64
		{860C05DD-83AD-47AF-A313-82388F00083A}.Debug|x86.ActiveCfg = Debug|x86
		{860C05DD-83AD-47AF-A313-82388F00083A}.Debug|x86.Build.0 = Debug|x86
		{860C05DD-83AD-47AF-A313-82388F00083A}.Debug|x86.Deploy.0 = Debug|x86
		{860C05DD-83AD-47AF-A313-82388F00083A}.Release|ARM.ActiveCfg = Release|ARM
		{860C05DD-83AD-47AF-A313-82388F00083A}.Release|ARM.Build.0 = Release|ARM
		{860C05DD-83AD-47AF-A313-82388F00083A}.Release|ARM.Deploy.0 = Release|ARM
		{860C05DD-83AD-47AF-A313-82388F00083A}.Release|x64.ActiveCfg = Release|x64
		{860C05DD-83AD-47AF-A313-82388F00083A}.Release|x64.Build.0 = Release|x64
		{860C05DD-83AD-47AF-A313-82388F00083A}.Release|x64.Deploy.0 = Release|x64
		{860C05DD-83AD-47AF-A313-82388F00083A}.Release|x86.ActiveCfg = Release|x86
		{860C05DD-83AD-47AF-A313-82388F00083A}.Release|x86.Build.0 = Release|x86
		{860C05DD-83AD-47AF-A313-82388F00083A}.Release|x86.Deploy.0 = Release|x86
		{47BE7B29-A3D7-44FF-903B-97B5D408FAB8}.Debug|ARM.ActiveCfg = Release|Any CPU
		{47BE7B29-A3D7-44FF-903B-97B5D408FAB8}.Debug|ARM.Build.0 = Release|Any CPU
		{47BE7B29-A3D7-44FF-903B-97B5D408FAB8}.Debug|x64.ActiveCfg = Release|Any CPU
		{47BE7B29-A3D7-44FF-903B-97B5D408FAB8}.Debug|x64.Build.0 = Release|Any CPU
		{47BE7B29-A3D7-44FF-903B-97B5D408FAB8}.Debug|x86.ActiveCfg = Release|Any CPU
		{47BE7B29-A3D7-44FF-903B-97B5D408FAB8}.Debug|x86.Build.0 = Release|Any CPU
		{47BE7B29-A3D7-44FF-903B-97B5D408FAB8}.Release|ARM.ActiveCfg = Release|Any CPU
		{47BE7B29-A3D7-44FF-903B-97B5D408FAB8}.Release|ARM.Build.0 = Release|Any CPU
		{47BE7B29-A3D7-44FF-903B-97B5D408FAB8}.Release|x64.ActiveCfg = Release|Any CPU
		{47BE7B29-A3D7-44FF-903B-97B5D408FAB8}.Release|x64.Build.0 = Release|Any CPU
		{47BE7B29-A3D7-44FF-903B-97B5D408FAB8}.Release|x86.ActiveCfg = Release|Any CPU
		{47BE7B29-A3D7-44FF-903B-97B5D408FAB8}.Release|x86.Build.0 = Release|Any CPU
		{22BA7E06-4211-49F0-BC99-99CB48438571}.Debug|ARM.ActiveCfg = Debug|ARM
		{22BA7E06-4211-49F0-BC99-99CB48438571}.Debug|ARM.Build.0 = Debug|ARM
		{22BA7E06-4211-49F0-BC99-99CB48438571}.Debug|x64.ActiveCfg = Debug|x64
		{22BA7E06-4211-49F0-BC99-99CB48438571}.Debug|x64.Build.0 = Debug|x64
		{22BA7E06-4211-49F0-BC99-99CB48438571}.Debug|x86.ActiveCfg = Debug|Win32
		{22BA7E06-4211-49F0-BC99-99CB48438571}.Debug|x86.Build.0 = Debug|Win32
		{22BA7E06-4211-49F0-BC99-99CB48438571}.Release|ARM.ActiveCfg = Release|ARM
		{22BA7E06-4211-49F0-BC99-99CB48438571}.Release|ARM.Build.0 = Release|ARM
		{22BA7E06-4211-49F0-BC99-99CB48438571}.Release|x64.ActiveCfg = Release|x64
		{22BA7E06-4211-49F0-BC99-99CB48438571}.Release|x64.Build.0 = Release|x64
		{22BA7E06-4211-49F0-BC99-99CB48438571}.Release|x86.ActiveCfg = Release|Win32
		{22BA7E06-4211-49F0-BC99-99CB48438571}.Release|x86.Build.0 = Release|Win32
		{2ABE0BFB-155E-4BAB-B132-D82E6D7C1C53}.Debug|ARM.ActiveCfg = Debug|ARM
		{2ABE0BFB-155E-4BAB-B132-D82E6D7C1C53}.Debug|ARM.Build.0 = Debug|ARM
		{2ABE0BFB-155E-4BAB-B132-D82E6D7C1C53}.Debug|ARM.Deploy.0 = Debug|ARM
		{2ABE0BFB-155E-4BAB-B132-D82E6D7C1C53}.Debug|x64.ActiveCfg = Debug|x64
		{2ABE0BFB-155E-4BAB-B132-D82E6D7C1C53}.Debug|x64.Build.0 = Debug|x64
		{2ABE0BFB-155E-4BAB-B132-D82E6D7C1C53}.Debug|x64.Deploy.0 = Debug|x64
		{2ABE0BFB-155E-4BAB-B132-D82E6D7C1C53}.Debug|x86.ActiveCfg = Debug|x86
		{2ABE0BFB-155E-4BAB-B132-D82E6D7C1C53}.Debug|x86.Build.0 = Debug|x86
		{2ABE0BFB-155E-4BAB-B132-D82E6D7C1C53}.Debug|x86.Deploy.0 = Debug|x86
		{2ABE0BFB-155E-4BAB-B132-D82E6D7C1C53}.Release|ARM.ActiveCfg = Release|ARM
		{2ABE0BFB-155E-4BAB-B132-D82E6D7C1C53}.Release|ARM.Build.0 = Release|ARM
		{2ABE0BFB-155E-4BAB-B132-D82E6D7C1C53}.Release|ARM.Deploy.0 = Release|ARM
		{2ABE0BFB-155E-4BAB-B132-D82E6D7C1C53}.Release|x64.ActiveCfg = Release|x64
		{2ABE0BFB-155E-4BAB-B132-D82E6D7C1C53}.Release|x64.Build.0 = Release|x64
		{2ABE0BFB-155E-4BAB-B132-D82E6D7C1C53}.Release|x64.Deploy.0 = Release|x64
		{2ABE0BFB-155E-4BAB-B132-D82E6D7C1C53}.Release|x86.ActiveCfg = Release|x86
		{2ABE0BFB-155E-4BAB-B132-D82E6D7C1C53}.Release|x86.Build.0 = Release|x86
		{2ABE0BFB-155E-4BAB-B132-D82E6D7C1C53}.Release|x86.Deploy.0 = Release|x86
		{22455DDF-5C2A-4044-9DA8-0D0406A9F881}.Debug|ARM.ActiveCfg = Debug|x86
		{22455DDF-5C2A-4044-9DA8-0D0406A9F881}.Debug|ARM.Build.0 = Debug|x86
		{22455DDF-5C2A-4044-9DA8-0D0406A9F881}.Debug|x64.ActiveCfg = Debug|x86
		{22455DDF-5C2A-4044-9DA8-0D0406A9F881}.Debug|x86.ActiveCfg = Debug|x86
		{22455DDF-5C2A-4044-9DA8-0D0406A9F881}.Debug|x86.Build.0 = Debug|x86
		{22455DDF-5C2A-4044-9DA8-0D0406A9F881}.Release|ARM.ActiveCfg = Release|x86
		{22455DDF-5C2A-4044-9DA8-0D0406A9F881}.Release|x64.ActiveCfg = Release|x86
		{22455DDF-5C2A-4044-9DA8-0D0406A9F881}.Release|x86.ActiveCfg = Release|x86
		{22455DDF-5C2A-4044-9DA8-0D0406A9F881}.Release|x86.Build.0 = Release|x86
	EndGlobalSection
	GlobalSection(SolutionProperties) = preSolution
		HideSolutionNode = FALSE
	EndGlobalSection
	GlobalSection(NestedProjects) = preSolution
		{170B235D-897F-4E22-B3A2-B3C2178FC747} = {BE875B4B-7E1F-4477-AB08-AFE204A5D5EB}
		{860C05DD-83AD-47AF-A313-82388F00083A} = {B7BCB996-34FF-448B-BD01-46D2C3125D96}
		{47BE7B29-A3D7-44FF-903B-97B5D408FAB8} = {F5A854B7-C3D2-4276-AA43-6D121D187AAF}
		{22BA7E06-4211-49F0-BC99-99CB48438571} = {BE875B4B-7E1F-4477-AB08-AFE204A5D5EB}
		{2ABE0BFB-155E-4BAB-B132-D82E6D7C1C53} = {B7BCB996-34FF-448B-BD01-46D2C3125D96}
		{22455DDF-5C2A-4044-9DA8-0D0406A9F881} = {F204502E-047A-4FA9-8D86-35BF7A92571F}
	EndGlobalSection
EndGlobal
